// !$*UTF8*$!
{
	archiveVersion = 1;
	classes = {
	};
	objectVersion = 46;
	objects = {

/* Begin PBXBuildFile section */
		A239097F1DCCA0BB003DA6C3 /* ZQFileManage.cpp in Sources */ = {isa = PBXBuildFile; fileRef = A239097D1DCCA0BB003DA6C3 /* ZQFileManage.cpp */; };
		A23909801DCCA0BB003DA6C3 /* ZQFileManage.hpp in Headers */ = {isa = PBXBuildFile; fileRef = A239097E1DCCA0BB003DA6C3 /* ZQFileManage.hpp */; };
/* End PBXBuildFile section */

/* Begin PBXFileReference section */
		A222FE881DC08CE8009F3A9A /* libzq.a */ = {isa = PBXFileReference; explicitFileType = archive.ar; includeInIndex = 0; path = libzq.a; sourceTree = BUILT_PRODUCTS_DIR; };
		A239097D1DCCA0BB003DA6C3 /* ZQFileManage.cpp */ = {isa = PBXFileReference; fileEncoding = 4; lastKnownFileType = sourcecode.cpp.cpp; path = ZQFileManage.cpp; sourceTree = "<group>"; };
		A239097E1DCCA0BB003DA6C3 /* ZQFileManage.hpp */ = {isa = PBXFileReference; fileEncoding = 4; lastKnownFileType = sourcecode.cpp.h; path = ZQFileManage.hpp; sourceTree = "<group>"; };
/* End PBXFileReference section */

/* Begin PBXFrameworksBuildPhase section */
		A222FE851DC08CE8009F3A9A /* Frameworks */ = {
			isa = PBXFrameworksBuildPhase;
			buildActionMask = 2147483647;
			files = (
			);
			runOnlyForDeploymentPostprocessing = 0;
		};
/* End PBXFrameworksBuildPhase section */

/* Begin PBXGroup section */
		A221C3271DCA0FAF00F2F64B /* data */ = {
			isa = PBXGroup;
			children = (
				A239097D1DCCA0BB003DA6C3 /* ZQFileManage.cpp */,
				A239097E1DCCA0BB003DA6C3 /* ZQFileManage.hpp */,
			);
			path = data;
			sourceTree = "<group>";
		};
		A222FE7F1DC08CE8009F3A9A = {
			isa = PBXGroup;
			children = (
				A222FEAC1DC0A0B9009F3A9A /* libzq */,
				A222FE891DC08CE8009F3A9A /* Products */,
			);
			sourceTree = "<group>";
		};
		A222FE891DC08CE8009F3A9A /* Products */ = {
			isa = PBXGroup;
			children = (
				A222FE881DC08CE8009F3A9A /* libzq.a */,
			);
			name = Products;
			sourceTree = "<group>";
		};
		A222FEAC1DC0A0B9009F3A9A /* libzq */ = {
			isa = PBXGroup;
			children = (
				A221C3271DCA0FAF00F2F64B /* data */,
				A222FEAD1DC0A0B9009F3A9A /* draw */,
			);
			name = libzq;
			path = ../libzq;
			sourceTree = "<group>";
		};
		A222FEAD1DC0A0B9009F3A9A /* draw */ = {
			isa = PBXGroup;
			children = (
			);
			path = draw;
			sourceTree = "<group>";
		};
/* End PBXGroup section */

/* Begin PBXHeadersBuildPhase section */
		A222FE861DC08CE8009F3A9A /* Headers */ = {
			isa = PBXHeadersBuildPhase;
			buildActionMask = 2147483647;
			files = (
				A23909801DCCA0BB003DA6C3 /* ZQFileManage.hpp in Headers */,
			);
			runOnlyForDeploymentPostprocessing = 0;
		};
/* End PBXHeadersBuildPhase section */

/* Begin PBXNativeTarget section */
		A222FE871DC08CE8009F3A9A /* libzq */ = {
			isa = PBXNativeTarget;
			buildConfigurationList = A222FE8C1DC08CE8009F3A9A /* Build configuration list for PBXNativeTarget "libzq" */;
			buildPhases = (
				A222FE841DC08CE8009F3A9A /* Sources */,
				A222FE851DC08CE8009F3A9A /* Frameworks */,
				A222FE861DC08CE8009F3A9A /* Headers */,
			);
			buildRules = (
			);
			dependencies = (
			);
			name = libzq;
			productName = libzq;
			productReference = A222FE881DC08CE8009F3A9A /* libzq.a */;
			productType = "com.apple.product-type.library.static";
		};
/* End PBXNativeTarget section */

/* Begin PBXProject section */
		A222FE801DC08CE8009F3A9A /* Project object */ = {
			isa = PBXProject;
			attributes = {
				LastUpgradeCheck = 0800;
				ORGANIZATIONNAME = zyqiosexercise;
				TargetAttributes = {
					A222FE871DC08CE8009F3A9A = {
						CreatedOnToolsVersion = 8.0;
						ProvisioningStyle = Automatic;
					};
				};
			};
			buildConfigurationList = A222FE831DC08CE8009F3A9A /* Build configuration list for PBXProject "libzq" */;
			compatibilityVersion = "Xcode 3.2";
			developmentRegion = English;
			hasScannedForEncodings = 0;
			knownRegions = (
				en,
			);
			mainGroup = A222FE7F1DC08CE8009F3A9A;
			productRefGroup = A222FE891DC08CE8009F3A9A /* Products */;
			projectDirPath = "";
			projectRoot = "";
			targets = (
				A222FE871DC08CE8009F3A9A /* libzq */,
			);
		};
/* End PBXProject section */

/* Begin PBXSourcesBuildPhase section */
		A222FE841DC08CE8009F3A9A /* Sources */ = {
			isa = PBXSourcesBuildPhase;
			buildActionMask = 2147483647;
			files = (
				A239097F1DCCA0BB003DA6C3 /* ZQFileManage.cpp in Sources */,
			);
			runOnlyForDeploymentPostprocessing = 0;
		};
/* End PBXSourcesBuildPhase section */

/* Begin XCBuildConfiguration section */
		A222FE8A1DC08CE8009F3A9A /* Debug */ = {
			isa = XCBuildConfiguration;
			buildSettings = {
				ALWAYS_SEARCH_USER_PATHS = YES;
				CLANG_ANALYZER_NONNULL = YES;
				CLANG_CXX_LANGUAGE_STANDARD = "gnu++0x";
				CLANG_CXX_LIBRARY = "libc++";
				CLANG_ENABLE_MODULES = YES;
				CLANG_ENABLE_OBJC_ARC = YES;
				CLANG_WARN_BOOL_CONVERSION = YES;
				CLANG_WARN_CONSTANT_CONVERSION = YES;
				CLANG_WARN_DIRECT_OBJC_ISA_USAGE = YES_ERROR;
				CLANG_WARN_DOCUMENTATION_COMMENTS = YES;
				CLANG_WARN_EMPTY_BODY = YES;
				CLANG_WARN_ENUM_CONVERSION = YES;
				CLANG_WARN_INFINITE_RECURSION = YES;
				CLANG_WARN_INT_CONVERSION = YES;
				CLANG_WARN_OBJC_ROOT_CLASS = YES_ERROR;
				CLANG_WARN_SUSPICIOUS_MOVES = YES;
				CLANG_WARN_UNREACHABLE_CODE = YES;
				CLANG_WARN__DUPLICATE_METHOD_MATCH = YES;
				CODE_SIGN_IDENTITY = "-";
				COPY_PHASE_STRIP = NO;
				DEBUG_INFORMATION_FORMAT = dwarf;
				ENABLE_STRICT_OBJC_MSGSEND = YES;
				ENABLE_TESTABILITY = YES;
				GCC_C_LANGUAGE_STANDARD = gnu99;
				GCC_DYNAMIC_NO_PIC = NO;
				GCC_NO_COMMON_BLOCKS = YES;
				GCC_OPTIMIZATION_LEVEL = 0;
				GCC_PREPROCESSOR_DEFINITIONS = (
					"DEBUG=1",
					"$(inherited)",
				);
				GCC_WARN_64_TO_32_BIT_CONVERSION = YES;
				GCC_WARN_ABOUT_RETURN_TYPE = YES_ERROR;
				GCC_WARN_UNDECLARED_SELECTOR = YES;
				GCC_WARN_UNINITIALIZED_AUTOS = YES_AGGRESSIVE;
				GCC_WARN_UNUSED_FUNCTION = YES;
				GCC_WARN_UNUSED_VARIABLE = YES;
				MACOSX_DEPLOYMENT_TARGET = 10.11;
				MTL_ENABLE_DEBUG_INFO = YES;
				ONLY_ACTIVE_ARCH = YES;
				SDKROOT = macosx;
				USER_HEADER_SEARCH_PATHS = "$(SRCROOT)/../../cocos2dx/external/lua/luajit/include $(SRCROOT)/../../cocos2dx/external/lua/tolua $(SRCROOT)/../../cocos2dx/cocos $(SRCROOT)/../../cocos2dx/external/glfw3/include/mac $(SRCROOT)/../../cocos2dx/cocos/scripting/lua-bindings/manual";
			};
			name = Debug;
		};
		A222FE8B1DC08CE8009F3A9A /* Release */ = {
			isa = XCBuildConfiguration;
			buildSettings = {
				ALWAYS_SEARCH_USER_PATHS = YES;
				CLANG_ANALYZER_NONNULL = YES;
				CLANG_CXX_LANGUAGE_STANDARD = "gnu++0x";
				CLANG_CXX_LIBRARY = "libc++";
				CLANG_ENABLE_MODULES = YES;
				CLANG_ENABLE_OBJC_ARC = YES;
				CLANG_WARN_BOOL_CONVERSION = YES;
				CLANG_WARN_CONSTANT_CONVERSION = YES;
				CLANG_WARN_DIRECT_OBJC_ISA_USAGE = YES_ERROR;
				CLANG_WARN_DOCUMENTATION_COMMENTS = YES;
				CLANG_WARN_EMPTY_BODY = YES;
				CLANG_WARN_ENUM_CONVERSION = YES;
				CLANG_WARN_INFINITE_RECURSION = YES;
				CLANG_WARN_INT_CONVERSION = YES;
				CLANG_WARN_OBJC_ROOT_CLASS = YES_ERROR;
				CLANG_WARN_SUSPICIOUS_MOVES = YES;
				CLANG_WARN_UNREACHABLE_CODE = YES;
				CLANG_WARN__DUPLICATE_METHOD_MATCH = YES;
				CODE_SIGN_IDENTITY = "-";
				COPY_PHASE_STRIP = NO;
				DEBUG_INFORMATION_FORMAT = "dwarf-with-dsym";
				ENABLE_NS_ASSERTIONS = NO;
				ENABLE_STRICT_OBJC_MSGSEND = YES;
				GCC_C_LANGUAGE_STANDARD = gnu99;
				GCC_NO_COMMON_BLOCKS = YES;
				GCC_WARN_64_TO_32_BIT_CONVERSION = YES;
				GCC_WARN_ABOUT_RETURN_TYPE = YES_ERROR;
				GCC_WARN_UNDECLARED_SELECTOR = YES;
				GCC_WARN_UNINITIALIZED_AUTOS = YES_AGGRESSIVE;
				GCC_WARN_UNUSED_FUNCTION = YES;
				GCC_WARN_UNUSED_VARIABLE = YES;
				MACOSX_DEPLOYMENT_TARGET = 10.11;
				MTL_ENABLE_DEBUG_INFO = NO;
				SDKROOT = macosx;
				USER_HEADER_SEARCH_PATHS = "$(SRCROOT)/../../cocos2dx/external/lua/luajit/include $(SRCROOT)/../../cocos2dx/external/lua/tolua $(SRCROOT)/../../cocos2dx/cocos $(SRCROOT)/../../cocos2dx/external/glfw3/include/mac $(SRCROOT)/../../cocos2dx/cocos/scripting/lua-bindings/manual";
			};
			name = Release;
		};
		A222FE8D1DC08CE8009F3A9A /* Debug */ = {
			isa = XCBuildConfiguration;
			buildSettings = {
				EXECUTABLE_PREFIX = lib;
				PRODUCT_NAME = zq;
			};
			name = Debug;
		};
		A222FE8E1DC08CE8009F3A9A /* Release */ = {
			isa = XCBuildConfiguration;
			buildSettings = {
				EXECUTABLE_PREFIX = lib;
				PRODUCT_NAME = zq;
			};
			name = Release;
		};
/* End XCBuildConfiguration section */

/* Begin XCConfigurationList section */
		A222FE831DC08CE8009F3A9A /* Build configuration list for PBXProject "libzq" */ = {
			isa = XCConfigurationList;
			buildConfigurations = (
				A222FE8A1DC08CE8009F3A9A /* Debug */,
				A222FE8B1DC08CE8009F3A9A /* Release */,
			);
			defaultConfigurationIsVisible = 0;
			defaultConfigurationName = Release;
		};
		A222FE8C1DC08CE8009F3A9A /* Build configuration list for PBXNativeTarget "libzq" */ = {
			isa = XCConfigurationList;
			buildConfigurations = (
				A222FE8D1DC08CE8009F3A9A /* Debug */,
				A222FE8E1DC08CE8009F3A9A /* Release */,
			);
			defaultConfigurationIsVisible = 0;
			defaultConfigurationName = Release;
		};
/* End XCConfigurationList section */
	};
	rootObject = A222FE801DC08CE8009F3A9A /* Project object */;
}
