// !$*UTF8*$!
{
	archiveVersion = 1;
	classes = {
	};
	objectVersion = 46;
	objects = {

/* Begin PBXBuildFile section */
		A22105741DDED8CC0075B8F5 /* ZQStringUtils.cpp in Sources */ = {isa = PBXBuildFile; fileRef = A22105721DDED8CC0075B8F5 /* ZQStringUtils.cpp */; };
		A239097F1DCCA0BB003DA6C3 /* ZQFileManage.cpp in Sources */ = {isa = PBXBuildFile; fileRef = A239097D1DCCA0BB003DA6C3 /* ZQFileManage.cpp */; };
		A25339FD1DD96E0E00E0D086 /* ZQLogger.cpp in Sources */ = {isa = PBXBuildFile; fileRef = A25339FB1DD96E0E00E0D086 /* ZQLogger.cpp */; };
		A25ADC441E517D7300E181F9 /* ZQTextBoxMac.mm in Sources */ = {isa = PBXBuildFile; fileRef = A25ADC421E517D7300E181F9 /* ZQTextBoxMac.mm */; };
		A25ADC451E517D7300E181F9 /* ZQTextBoxMac.h in Headers */ = {isa = PBXBuildFile; fileRef = A25ADC431E517D7300E181F9 /* ZQTextBoxMac.h */; };
		A25ADC4D1E544D9C00E181F9 /* ZQTextBox.cpp in Sources */ = {isa = PBXBuildFile; fileRef = A28866BD1E320F0E00A33402 /* ZQTextBox.cpp */; };
		A25FE1A41DD2CC3D00DB55E5 /* ZQJsonManage.cpp in Sources */ = {isa = PBXBuildFile; fileRef = A25FE1A21DD2CC3D00DB55E5 /* ZQJsonManage.cpp */; };
		A25FE1AC1DD58D5400DB55E5 /* ZQPlistManage.cpp in Sources */ = {isa = PBXBuildFile; fileRef = A25FE1AA1DD58D5400DB55E5 /* ZQPlistManage.cpp */; };
		A25FE1B61DD5925100DB55E5 /* rapidxml.hpp in Headers */ = {isa = PBXBuildFile; fileRef = A25FE1B21DD5925100DB55E5 /* rapidxml.hpp */; };
		A25FE1B71DD5925100DB55E5 /* rapidxml_iterators.hpp in Headers */ = {isa = PBXBuildFile; fileRef = A25FE1B31DD5925100DB55E5 /* rapidxml_iterators.hpp */; };
		A25FE1B81DD5925100DB55E5 /* rapidxml_print.hpp in Headers */ = {isa = PBXBuildFile; fileRef = A25FE1B41DD5925100DB55E5 /* rapidxml_print.hpp */; };
		A25FE1B91DD5925100DB55E5 /* rapidxml_utils.hpp in Headers */ = {isa = PBXBuildFile; fileRef = A25FE1B51DD5925100DB55E5 /* rapidxml_utils.hpp */; };
		A26387691DE2FC6100A6D925 /* ZQDateUtils.cpp in Sources */ = {isa = PBXBuildFile; fileRef = A26387671DE2FC6100A6D925 /* ZQDateUtils.cpp */; };
		A26387711DE4640700A6D925 /* ZQLoggerIOS.h in Headers */ = {isa = PBXBuildFile; fileRef = A263876F1DE4640700A6D925 /* ZQLoggerIOS.h */; };
		A26387721DE4640700A6D925 /* ZQLoggerIOS.mm in Sources */ = {isa = PBXBuildFile; fileRef = A26387701DE4640700A6D925 /* ZQLoggerIOS.mm */; };
		A26387791DE4696400A6D925 /* ZQLoggerMac.h in Headers */ = {isa = PBXBuildFile; fileRef = A26387771DE4696400A6D925 /* ZQLoggerMac.h */; };
		A26BAF591E10C63600D3972B /* lua_zq_auto.cpp in Sources */ = {isa = PBXBuildFile; fileRef = A26BAF571E10C63600D3972B /* lua_zq_auto.cpp */; };
		A26BAF5A1E10C63600D3972B /* lua_zq_auto.hpp in Headers */ = {isa = PBXBuildFile; fileRef = A26BAF581E10C63600D3972B /* lua_zq_auto.hpp */; };
		A26BAF5E1E10C6A600D3972B /* zq_custom_action_tolua_luabinding.cpp in Sources */ = {isa = PBXBuildFile; fileRef = A26BAF5C1E10C6A600D3972B /* zq_custom_action_tolua_luabinding.cpp */; };
		A26BAF5F1E10C6A600D3972B /* zq_custom_action_tolua_luabinding.h in Headers */ = {isa = PBXBuildFile; fileRef = A26BAF5D1E10C6A600D3972B /* zq_custom_action_tolua_luabinding.h */; };
		A26BAF601E10CAD100D3972B /* zq_custom_action_tolua_luabinding.cpp in Sources */ = {isa = PBXBuildFile; fileRef = A26BAF5C1E10C6A600D3972B /* zq_custom_action_tolua_luabinding.cpp */; };
		A26BAF611E10CAD500D3972B /* lua_zq_auto.cpp in Sources */ = {isa = PBXBuildFile; fileRef = A26BAF571E10C63600D3972B /* lua_zq_auto.cpp */; };
		A26BAF641E10EAF500D3972B /* zq_sprite_draw_tolua_manual.h in Headers */ = {isa = PBXBuildFile; fileRef = A26BAF621E10EAF500D3972B /* zq_sprite_draw_tolua_manual.h */; };
		A26BAF651E10EAF500D3972B /* zq_sprite_draw_tolua_manual.cpp in Sources */ = {isa = PBXBuildFile; fileRef = A26BAF631E10EAF500D3972B /* zq_sprite_draw_tolua_manual.cpp */; };
		A26BAF661E110A1100D3972B /* zq_sprite_draw_tolua_manual.cpp in Sources */ = {isa = PBXBuildFile; fileRef = A26BAF631E10EAF500D3972B /* zq_sprite_draw_tolua_manual.cpp */; };
		A26CF98A1E0BA10E0026F5CB /* ZQCustomAction.cpp in Sources */ = {isa = PBXBuildFile; fileRef = A26CF9881E0BA10E0026F5CB /* ZQCustomAction.cpp */; };
		A26CF98B1E0BA10E0026F5CB /* ZQCustomAction.cpp in Sources */ = {isa = PBXBuildFile; fileRef = A26CF9881E0BA10E0026F5CB /* ZQCustomAction.cpp */; };
		A26CF98C1E0BA10E0026F5CB /* ZQCustomAction.h in Headers */ = {isa = PBXBuildFile; fileRef = A26CF9891E0BA10E0026F5CB /* ZQCustomAction.h */; };
		A26CF98D1E0BA10E0026F5CB /* ZQCustomAction.h in Headers */ = {isa = PBXBuildFile; fileRef = A26CF9891E0BA10E0026F5CB /* ZQCustomAction.h */; };
		A271143A1E69926400DC7FBA /* ZQCCBILoader.cpp in Sources */ = {isa = PBXBuildFile; fileRef = A27114381E69926400DC7FBA /* ZQCCBILoader.cpp */; };
		A271143C1E69926400DC7FBA /* ZQCCBILoader.h in Headers */ = {isa = PBXBuildFile; fileRef = A27114391E69926400DC7FBA /* ZQCCBILoader.h */; };
		A271143D1E69926400DC7FBA /* ZQCCBILoader.h in Headers */ = {isa = PBXBuildFile; fileRef = A27114391E69926400DC7FBA /* ZQCCBILoader.h */; };
		A277102F1DF82B3D0074C87D /* ZQImageManage.cpp in Sources */ = {isa = PBXBuildFile; fileRef = A2F1CC0D1DE8308000B7CB8D /* ZQImageManage.cpp */; };
		A27F2A4C1E6D4C090014FF07 /* ZQCCBILoader.cpp in Sources */ = {isa = PBXBuildFile; fileRef = A27114381E69926400DC7FBA /* ZQCCBILoader.cpp */; };
		A27F2A531E7002010014FF07 /* ZQFs.cpp in Sources */ = {isa = PBXBuildFile; fileRef = A27F2A511E7002010014FF07 /* ZQFs.cpp */; };
		A27F2A541E7002010014FF07 /* ZQFs.cpp in Sources */ = {isa = PBXBuildFile; fileRef = A27F2A511E7002010014FF07 /* ZQFs.cpp */; };
		A27F2A551E7002010014FF07 /* ZQFs.h in Headers */ = {isa = PBXBuildFile; fileRef = A27F2A521E7002010014FF07 /* ZQFs.h */; };
		A27F2A561E7002010014FF07 /* ZQFs.h in Headers */ = {isa = PBXBuildFile; fileRef = A27F2A521E7002010014FF07 /* ZQFs.h */; };
		A27F2A591E701EA60014FF07 /* ZQFs_unix.cpp in Sources */ = {isa = PBXBuildFile; fileRef = A27F2A571E701EA60014FF07 /* ZQFs_unix.cpp */; };
		A27F2A5A1E701EA60014FF07 /* ZQFs_unix.cpp in Sources */ = {isa = PBXBuildFile; fileRef = A27F2A571E701EA60014FF07 /* ZQFs_unix.cpp */; };
		A284866E1E1DEBF200E39265 /* ZQTextUtil.cpp in Sources */ = {isa = PBXBuildFile; fileRef = A284866C1E1DEBF200E39265 /* ZQTextUtil.cpp */; };
		A284866F1E1DEBF200E39265 /* ZQTextUtil.cpp in Sources */ = {isa = PBXBuildFile; fileRef = A284866C1E1DEBF200E39265 /* ZQTextUtil.cpp */; };
		A28486701E1DEBF200E39265 /* ZQTextUtil.h in Headers */ = {isa = PBXBuildFile; fileRef = A284866D1E1DEBF200E39265 /* ZQTextUtil.h */; };
		A28486711E1DEBF200E39265 /* ZQTextUtil.h in Headers */ = {isa = PBXBuildFile; fileRef = A284866D1E1DEBF200E39265 /* ZQTextUtil.h */; };
		A28486761E1DF6A700E39265 /* ZQTextUtilMac.h in Headers */ = {isa = PBXBuildFile; fileRef = A28486731E1DF6A700E39265 /* ZQTextUtilMac.h */; };
		A28486771E1DF6A700E39265 /* ZQTextUtilMac.h in Headers */ = {isa = PBXBuildFile; fileRef = A28486731E1DF6A700E39265 /* ZQTextUtilMac.h */; };
		A28486781E1E186000E39265 /* ZQPlistManage.h in Sources */ = {isa = PBXBuildFile; fileRef = A2F1CC131DE8314F00B7CB8D /* ZQPlistManage.h */; };
		A28486791E1E187100E39265 /* ZQTextUtilMac.mm in Sources */ = {isa = PBXBuildFile; fileRef = A28486721E1DF6A700E39265 /* ZQTextUtilMac.mm */; };
		A28866C11E320F0E00A33402 /* ZQTextBox.h in Headers */ = {isa = PBXBuildFile; fileRef = A28866BE1E320F0E00A33402 /* ZQTextBox.h */; };
		A28866C21E320F0E00A33402 /* ZQTextBox.h in Headers */ = {isa = PBXBuildFile; fileRef = A28866BE1E320F0E00A33402 /* ZQTextBox.h */; };
		A28FB9011E77BCB500DD61AF /* ZQMD5.cpp in Sources */ = {isa = PBXBuildFile; fileRef = A28FB8FF1E77BCB500DD61AF /* ZQMD5.cpp */; };
		A28FB9021E77BCB500DD61AF /* ZQMD5.cpp in Sources */ = {isa = PBXBuildFile; fileRef = A28FB8FF1E77BCB500DD61AF /* ZQMD5.cpp */; };
		A28FB9031E77BCB500DD61AF /* ZQMD5.h in Headers */ = {isa = PBXBuildFile; fileRef = A28FB9001E77BCB500DD61AF /* ZQMD5.h */; };
		A28FB9041E77BCB500DD61AF /* ZQMD5.h in Headers */ = {isa = PBXBuildFile; fileRef = A28FB9001E77BCB500DD61AF /* ZQMD5.h */; };
		A2989A691DE6DF790073E4F0 /* ZQDateUtils.cpp in Sources */ = {isa = PBXBuildFile; fileRef = A26387671DE2FC6100A6D925 /* ZQDateUtils.cpp */; };
		A2989A6B1DE6DF790073E4F0 /* ZQLoggerMac.mm in Sources */ = {isa = PBXBuildFile; fileRef = A26387781DE4696400A6D925 /* ZQLoggerMac.mm */; };
		A2989A6C1DE6DF790073E4F0 /* ZQLogger.cpp in Sources */ = {isa = PBXBuildFile; fileRef = A25339FB1DD96E0E00E0D086 /* ZQLogger.cpp */; };
		A2989A6D1DE6DF790073E4F0 /* ZQFileManage.cpp in Sources */ = {isa = PBXBuildFile; fileRef = A239097D1DCCA0BB003DA6C3 /* ZQFileManage.cpp */; };
		A2989A6E1DE6DF790073E4F0 /* ZQStringUtils.cpp in Sources */ = {isa = PBXBuildFile; fileRef = A22105721DDED8CC0075B8F5 /* ZQStringUtils.cpp */; };
		A2989A6F1DE6DF790073E4F0 /* ZQPlistManage.cpp in Sources */ = {isa = PBXBuildFile; fileRef = A25FE1AA1DD58D5400DB55E5 /* ZQPlistManage.cpp */; };
		A2989A701DE6DF790073E4F0 /* ZQJsonManage.cpp in Sources */ = {isa = PBXBuildFile; fileRef = A25FE1A21DD2CC3D00DB55E5 /* ZQJsonManage.cpp */; };
		A2989A731DE6DF790073E4F0 /* rapidxml_iterators.hpp in Headers */ = {isa = PBXBuildFile; fileRef = A25FE1B31DD5925100DB55E5 /* rapidxml_iterators.hpp */; };
		A2989A751DE6DF790073E4F0 /* rapidxml_utils.hpp in Headers */ = {isa = PBXBuildFile; fileRef = A25FE1B51DD5925100DB55E5 /* rapidxml_utils.hpp */; };
		A2989A781DE6DF790073E4F0 /* ZQLoggerIOS.h in Headers */ = {isa = PBXBuildFile; fileRef = A263876F1DE4640700A6D925 /* ZQLoggerIOS.h */; };
		A2989A7A1DE6DF790073E4F0 /* ZQLoggerMac.h in Headers */ = {isa = PBXBuildFile; fileRef = A26387771DE4696400A6D925 /* ZQLoggerMac.h */; };
		A2989A7C1DE6DF790073E4F0 /* rapidxml.hpp in Headers */ = {isa = PBXBuildFile; fileRef = A25FE1B21DD5925100DB55E5 /* rapidxml.hpp */; };
		A2989A7E1DE6DF790073E4F0 /* rapidxml_print.hpp in Headers */ = {isa = PBXBuildFile; fileRef = A25FE1B41DD5925100DB55E5 /* rapidxml_print.hpp */; };
		A29A52001E5C5E470073A9C0 /* ZQScriptHandler.cpp in Sources */ = {isa = PBXBuildFile; fileRef = A29A51FE1E5C5E470073A9C0 /* ZQScriptHandler.cpp */; };
		A29A52011E5C5E470073A9C0 /* ZQScriptHandler.cpp in Sources */ = {isa = PBXBuildFile; fileRef = A29A51FE1E5C5E470073A9C0 /* ZQScriptHandler.cpp */; };
		A29A52021E5C5E470073A9C0 /* ZQScriptHandler.h in Headers */ = {isa = PBXBuildFile; fileRef = A29A51FF1E5C5E470073A9C0 /* ZQScriptHandler.h */; };
		A29A52031E5C5E470073A9C0 /* ZQScriptHandler.h in Headers */ = {isa = PBXBuildFile; fileRef = A29A51FF1E5C5E470073A9C0 /* ZQScriptHandler.h */; };
		A29A52061E5D2F190073A9C0 /* ZQAppEvent.cpp in Sources */ = {isa = PBXBuildFile; fileRef = A29A52041E5D2F190073A9C0 /* ZQAppEvent.cpp */; };
		A29A52071E5D2F190073A9C0 /* ZQAppEvent.cpp in Sources */ = {isa = PBXBuildFile; fileRef = A29A52041E5D2F190073A9C0 /* ZQAppEvent.cpp */; };
		A29A52081E5D2F190073A9C0 /* ZQAppEvent.h in Headers */ = {isa = PBXBuildFile; fileRef = A29A52051E5D2F190073A9C0 /* ZQAppEvent.h */; };
		A29A52091E5D2F190073A9C0 /* ZQAppEvent.h in Headers */ = {isa = PBXBuildFile; fileRef = A29A52051E5D2F190073A9C0 /* ZQAppEvent.h */; };
		A29A52121E5D51D50073A9C0 /* zq_scriptHandler_tolua_luabinding.cpp in Sources */ = {isa = PBXBuildFile; fileRef = A29A52101E5D51D50073A9C0 /* zq_scriptHandler_tolua_luabinding.cpp */; };
		A29A52131E5D51D50073A9C0 /* zq_scriptHandler_tolua_luabinding.cpp in Sources */ = {isa = PBXBuildFile; fileRef = A29A52101E5D51D50073A9C0 /* zq_scriptHandler_tolua_luabinding.cpp */; };
		A29A52141E5D51D50073A9C0 /* zq_scriptHandler_tolua_luabinding.h in Headers */ = {isa = PBXBuildFile; fileRef = A29A52111E5D51D50073A9C0 /* zq_scriptHandler_tolua_luabinding.h */; };
		A29A52151E5D51D50073A9C0 /* zq_scriptHandler_tolua_luabinding.h in Headers */ = {isa = PBXBuildFile; fileRef = A29A52111E5D51D50073A9C0 /* zq_scriptHandler_tolua_luabinding.h */; };
		A29A52181E5DB0D10073A9C0 /* ZQAppCenter.cpp in Sources */ = {isa = PBXBuildFile; fileRef = A29A52161E5DB0D10073A9C0 /* ZQAppCenter.cpp */; };
		A29A52191E5DB0D10073A9C0 /* ZQAppCenter.cpp in Sources */ = {isa = PBXBuildFile; fileRef = A29A52161E5DB0D10073A9C0 /* ZQAppCenter.cpp */; };
		A29A521A1E5DB0D10073A9C0 /* ZQAppCenter.h in Headers */ = {isa = PBXBuildFile; fileRef = A29A52171E5DB0D10073A9C0 /* ZQAppCenter.h */; };
		A29A521B1E5DB0D10073A9C0 /* ZQAppCenter.h in Headers */ = {isa = PBXBuildFile; fileRef = A29A52171E5DB0D10073A9C0 /* ZQAppCenter.h */; };
		A29A521F1E5DB7260073A9C0 /* ZQRunLoop.cpp in Sources */ = {isa = PBXBuildFile; fileRef = A29A521D1E5DB7260073A9C0 /* ZQRunLoop.cpp */; };
		A29A52201E5DB7260073A9C0 /* ZQRunLoop.cpp in Sources */ = {isa = PBXBuildFile; fileRef = A29A521D1E5DB7260073A9C0 /* ZQRunLoop.cpp */; };
		A29A52211E5DB7260073A9C0 /* ZQRunLoop.h in Headers */ = {isa = PBXBuildFile; fileRef = A29A521E1E5DB7260073A9C0 /* ZQRunLoop.h */; };
		A29A52221E5DB7260073A9C0 /* ZQRunLoop.h in Headers */ = {isa = PBXBuildFile; fileRef = A29A521E1E5DB7260073A9C0 /* ZQRunLoop.h */; };
		A29A52261E5EBC000073A9C0 /* ZQLaunchScene.cpp in Sources */ = {isa = PBXBuildFile; fileRef = A29A52241E5EBC000073A9C0 /* ZQLaunchScene.cpp */; };
		A29A52271E5EBC000073A9C0 /* ZQLaunchScene.cpp in Sources */ = {isa = PBXBuildFile; fileRef = A29A52241E5EBC000073A9C0 /* ZQLaunchScene.cpp */; };
		A29A52281E5EBC000073A9C0 /* ZQLaunchScene.h in Headers */ = {isa = PBXBuildFile; fileRef = A29A52251E5EBC000073A9C0 /* ZQLaunchScene.h */; };
		A29A52291E5EBC000073A9C0 /* ZQLaunchScene.h in Headers */ = {isa = PBXBuildFile; fileRef = A29A52251E5EBC000073A9C0 /* ZQLaunchScene.h */; };
		A29A522D1E5FE1430073A9C0 /* ZQHTTPService.cpp in Sources */ = {isa = PBXBuildFile; fileRef = A29A522B1E5FE1430073A9C0 /* ZQHTTPService.cpp */; };
		A29A522F1E5FE1430073A9C0 /* ZQHTTPService.h in Headers */ = {isa = PBXBuildFile; fileRef = A29A522C1E5FE1430073A9C0 /* ZQHTTPService.h */; };
		A29A52301E5FE1430073A9C0 /* ZQHTTPService.h in Headers */ = {isa = PBXBuildFile; fileRef = A29A522C1E5FE1430073A9C0 /* ZQHTTPService.h */; };
		A29A52311E6011CD0073A9C0 /* ZQHTTPService.cpp in Sources */ = {isa = PBXBuildFile; fileRef = A29A522B1E5FE1430073A9C0 /* ZQHTTPService.cpp */; };
		A2CEFDDC1E55C0BF00934B41 /* ZQTextArea.cpp in Sources */ = {isa = PBXBuildFile; fileRef = A2CEFDD91E55C0BF00934B41 /* ZQTextArea.cpp */; };
		A2CEFDDD1E55C0BF00934B41 /* ZQTextArea.h in Headers */ = {isa = PBXBuildFile; fileRef = A2CEFDDA1E55C0BF00934B41 /* ZQTextArea.h */; };
		A2CEFDDE1E55C0BF00934B41 /* ZQTextArea.h in Headers */ = {isa = PBXBuildFile; fileRef = A2CEFDDA1E55C0BF00934B41 /* ZQTextArea.h */; };
		A2CEFDDF1E55C5B300934B41 /* ZQTextArea.cpp in Sources */ = {isa = PBXBuildFile; fileRef = A2CEFDD91E55C0BF00934B41 /* ZQTextArea.cpp */; };
		A2CEFDE21E55CEDB00934B41 /* ZQTextAreaMac.h in Headers */ = {isa = PBXBuildFile; fileRef = A2CEFDE01E55CEDB00934B41 /* ZQTextAreaMac.h */; };
		A2CEFDE31E55CEDB00934B41 /* ZQTextAreaMac.h in Headers */ = {isa = PBXBuildFile; fileRef = A2CEFDE01E55CEDB00934B41 /* ZQTextAreaMac.h */; };
		A2CEFDE51E55CEDB00934B41 /* ZQTextAreaMac.mm in Sources */ = {isa = PBXBuildFile; fileRef = A2CEFDE11E55CEDB00934B41 /* ZQTextAreaMac.mm */; };
		A2CEFDE91E56E20D00934B41 /* ZQDeviceInfo.cpp in Sources */ = {isa = PBXBuildFile; fileRef = A2CEFDE71E56E20D00934B41 /* ZQDeviceInfo.cpp */; };
		A2CEFDEA1E56E20D00934B41 /* ZQDeviceInfo.cpp in Sources */ = {isa = PBXBuildFile; fileRef = A2CEFDE71E56E20D00934B41 /* ZQDeviceInfo.cpp */; };
		A2CEFDEB1E56E20D00934B41 /* ZQDeviceInfo.h in Headers */ = {isa = PBXBuildFile; fileRef = A2CEFDE81E56E20D00934B41 /* ZQDeviceInfo.h */; };
		A2CEFDEC1E56E20D00934B41 /* ZQDeviceInfo.h in Headers */ = {isa = PBXBuildFile; fileRef = A2CEFDE81E56E20D00934B41 /* ZQDeviceInfo.h */; };
		A2CEFDF11E571D7800934B41 /* ZQDeviceInfoMac.mm in Sources */ = {isa = PBXBuildFile; fileRef = A2CEFDEF1E571D7800934B41 /* ZQDeviceInfoMac.mm */; };
		A2F1CC0F1DE8308000B7CB8D /* ZQImageManage.cpp in Sources */ = {isa = PBXBuildFile; fileRef = A2F1CC0D1DE8308000B7CB8D /* ZQImageManage.cpp */; };
		A2F1CC101DE8308000B7CB8D /* ZQImageManage.h in Headers */ = {isa = PBXBuildFile; fileRef = A2F1CC0E1DE8308000B7CB8D /* ZQImageManage.h */; };
		A2F1CC141DE8314F00B7CB8D /* ZQFileManage.h in Headers */ = {isa = PBXBuildFile; fileRef = A2F1CC111DE8314F00B7CB8D /* ZQFileManage.h */; };
		A2F1CC151DE8314F00B7CB8D /* ZQJsonManage.h in Headers */ = {isa = PBXBuildFile; fileRef = A2F1CC121DE8314F00B7CB8D /* ZQJsonManage.h */; };
		A2F1CC161DE8314F00B7CB8D /* ZQPlistManage.h in Headers */ = {isa = PBXBuildFile; fileRef = A2F1CC131DE8314F00B7CB8D /* ZQPlistManage.h */; };
		A2F1CC191DE831BC00B7CB8D /* ZQDateUtils.h in Headers */ = {isa = PBXBuildFile; fileRef = A2F1CC171DE831BC00B7CB8D /* ZQDateUtils.h */; };
		A2F1CC1A1DE831BC00B7CB8D /* ZQStringUtils.h in Headers */ = {isa = PBXBuildFile; fileRef = A2F1CC181DE831BC00B7CB8D /* ZQStringUtils.h */; };
		A2F1CC1C1DE8322900B7CB8D /* ZQLogger.h in Headers */ = {isa = PBXBuildFile; fileRef = A2F1CC1B1DE8322900B7CB8D /* ZQLogger.h */; };
/* End PBXBuildFile section */

/* Begin PBXFileReference section */
		A22105721DDED8CC0075B8F5 /* ZQStringUtils.cpp */ = {isa = PBXFileReference; fileEncoding = 4; lastKnownFileType = sourcecode.cpp.cpp; path = ZQStringUtils.cpp; sourceTree = "<group>"; };
		A222FE881DC08CE8009F3A9A /* libzqIOS.a */ = {isa = PBXFileReference; explicitFileType = archive.ar; includeInIndex = 0; path = libzqIOS.a; sourceTree = BUILT_PRODUCTS_DIR; };
		A239097D1DCCA0BB003DA6C3 /* ZQFileManage.cpp */ = {isa = PBXFileReference; fileEncoding = 4; lastKnownFileType = sourcecode.cpp.cpp; path = ZQFileManage.cpp; sourceTree = "<group>"; };
		A25339FB1DD96E0E00E0D086 /* ZQLogger.cpp */ = {isa = PBXFileReference; fileEncoding = 4; lastKnownFileType = sourcecode.cpp.cpp; path = ZQLogger.cpp; sourceTree = "<group>"; };
		A25ADC421E517D7300E181F9 /* ZQTextBoxMac.mm */ = {isa = PBXFileReference; fileEncoding = 4; lastKnownFileType = sourcecode.cpp.objcpp; path = ZQTextBoxMac.mm; sourceTree = "<group>"; };
		A25ADC431E517D7300E181F9 /* ZQTextBoxMac.h */ = {isa = PBXFileReference; fileEncoding = 4; lastKnownFileType = sourcecode.c.h; path = ZQTextBoxMac.h; sourceTree = "<group>"; };
		A25FE1A21DD2CC3D00DB55E5 /* ZQJsonManage.cpp */ = {isa = PBXFileReference; fileEncoding = 4; lastKnownFileType = sourcecode.cpp.cpp; path = ZQJsonManage.cpp; sourceTree = "<group>"; };
		A25FE1AA1DD58D5400DB55E5 /* ZQPlistManage.cpp */ = {isa = PBXFileReference; fileEncoding = 4; lastKnownFileType = sourcecode.cpp.cpp; path = ZQPlistManage.cpp; sourceTree = "<group>"; };
		A25FE1B01DD5925100DB55E5 /* license.txt */ = {isa = PBXFileReference; fileEncoding = 4; lastKnownFileType = text; path = license.txt; sourceTree = "<group>"; };
		A25FE1B11DD5925100DB55E5 /* manual.html */ = {isa = PBXFileReference; fileEncoding = 4; lastKnownFileType = text.html; path = manual.html; sourceTree = "<group>"; };
		A25FE1B21DD5925100DB55E5 /* rapidxml.hpp */ = {isa = PBXFileReference; fileEncoding = 4; lastKnownFileType = sourcecode.cpp.h; path = rapidxml.hpp; sourceTree = "<group>"; };
		A25FE1B31DD5925100DB55E5 /* rapidxml_iterators.hpp */ = {isa = PBXFileReference; fileEncoding = 4; lastKnownFileType = sourcecode.cpp.h; path = rapidxml_iterators.hpp; sourceTree = "<group>"; };
		A25FE1B41DD5925100DB55E5 /* rapidxml_print.hpp */ = {isa = PBXFileReference; fileEncoding = 4; lastKnownFileType = sourcecode.cpp.h; path = rapidxml_print.hpp; sourceTree = "<group>"; };
		A25FE1B51DD5925100DB55E5 /* rapidxml_utils.hpp */ = {isa = PBXFileReference; fileEncoding = 4; lastKnownFileType = sourcecode.cpp.h; path = rapidxml_utils.hpp; sourceTree = "<group>"; };
		A26387671DE2FC6100A6D925 /* ZQDateUtils.cpp */ = {isa = PBXFileReference; fileEncoding = 4; lastKnownFileType = sourcecode.cpp.cpp; path = ZQDateUtils.cpp; sourceTree = "<group>"; };
		A263876F1DE4640700A6D925 /* ZQLoggerIOS.h */ = {isa = PBXFileReference; fileEncoding = 4; lastKnownFileType = sourcecode.c.h; path = ZQLoggerIOS.h; sourceTree = "<group>"; };
		A26387701DE4640700A6D925 /* ZQLoggerIOS.mm */ = {isa = PBXFileReference; fileEncoding = 4; lastKnownFileType = sourcecode.cpp.objcpp; path = ZQLoggerIOS.mm; sourceTree = "<group>"; };
		A26387771DE4696400A6D925 /* ZQLoggerMac.h */ = {isa = PBXFileReference; fileEncoding = 4; lastKnownFileType = sourcecode.c.h; path = ZQLoggerMac.h; sourceTree = "<group>"; };
		A26387781DE4696400A6D925 /* ZQLoggerMac.mm */ = {isa = PBXFileReference; fileEncoding = 4; lastKnownFileType = sourcecode.cpp.objcpp; path = ZQLoggerMac.mm; sourceTree = "<group>"; };
		A26BAF4F1E10C63600D3972B /* DateUtils.lua */ = {isa = PBXFileReference; fileEncoding = 4; lastKnownFileType = text; path = DateUtils.lua; sourceTree = "<group>"; };
		A26BAF501E10C63600D3972B /* lua_zq_auto_api.lua */ = {isa = PBXFileReference; fileEncoding = 4; lastKnownFileType = text; path = lua_zq_auto_api.lua; sourceTree = "<group>"; };
		A26BAF511E10C63600D3972B /* ZQCustomAction.lua */ = {isa = PBXFileReference; fileEncoding = 4; lastKnownFileType = text; path = ZQCustomAction.lua; sourceTree = "<group>"; };
		A26BAF521E10C63600D3972B /* ZQFileManage.lua */ = {isa = PBXFileReference; fileEncoding = 4; lastKnownFileType = text; path = ZQFileManage.lua; sourceTree = "<group>"; };
		A26BAF531E10C63600D3972B /* ZQImageManage.lua */ = {isa = PBXFileReference; fileEncoding = 4; lastKnownFileType = text; path = ZQImageManage.lua; sourceTree = "<group>"; };
		A26BAF541E10C63600D3972B /* ZQJsonManage.lua */ = {isa = PBXFileReference; fileEncoding = 4; lastKnownFileType = text; path = ZQJsonManage.lua; sourceTree = "<group>"; };
		A26BAF551E10C63600D3972B /* ZQLogger.lua */ = {isa = PBXFileReference; fileEncoding = 4; lastKnownFileType = text; path = ZQLogger.lua; sourceTree = "<group>"; };
		A26BAF561E10C63600D3972B /* ZQPlistManage.lua */ = {isa = PBXFileReference; fileEncoding = 4; lastKnownFileType = text; path = ZQPlistManage.lua; sourceTree = "<group>"; };
		A26BAF571E10C63600D3972B /* lua_zq_auto.cpp */ = {isa = PBXFileReference; fileEncoding = 4; lastKnownFileType = sourcecode.cpp.cpp; path = lua_zq_auto.cpp; sourceTree = "<group>"; };
		A26BAF581E10C63600D3972B /* lua_zq_auto.hpp */ = {isa = PBXFileReference; fileEncoding = 4; lastKnownFileType = sourcecode.cpp.h; path = lua_zq_auto.hpp; sourceTree = "<group>"; };
		A26BAF5C1E10C6A600D3972B /* zq_custom_action_tolua_luabinding.cpp */ = {isa = PBXFileReference; fileEncoding = 4; lastKnownFileType = sourcecode.cpp.cpp; path = zq_custom_action_tolua_luabinding.cpp; sourceTree = "<group>"; };
		A26BAF5D1E10C6A600D3972B /* zq_custom_action_tolua_luabinding.h */ = {isa = PBXFileReference; fileEncoding = 4; lastKnownFileType = sourcecode.c.h; path = zq_custom_action_tolua_luabinding.h; sourceTree = "<group>"; };
		A26BAF621E10EAF500D3972B /* zq_sprite_draw_tolua_manual.h */ = {isa = PBXFileReference; fileEncoding = 4; lastKnownFileType = sourcecode.c.h; path = zq_sprite_draw_tolua_manual.h; sourceTree = "<group>"; };
		A26BAF631E10EAF500D3972B /* zq_sprite_draw_tolua_manual.cpp */ = {isa = PBXFileReference; fileEncoding = 4; lastKnownFileType = sourcecode.cpp.cpp; path = zq_sprite_draw_tolua_manual.cpp; sourceTree = "<group>"; };
		A26CF9881E0BA10E0026F5CB /* ZQCustomAction.cpp */ = {isa = PBXFileReference; fileEncoding = 4; lastKnownFileType = sourcecode.cpp.cpp; path = ZQCustomAction.cpp; sourceTree = "<group>"; };
		A26CF9891E0BA10E0026F5CB /* ZQCustomAction.h */ = {isa = PBXFileReference; fileEncoding = 4; lastKnownFileType = sourcecode.c.h; path = ZQCustomAction.h; sourceTree = "<group>"; };
		A27114381E69926400DC7FBA /* ZQCCBILoader.cpp */ = {isa = PBXFileReference; fileEncoding = 4; lastKnownFileType = sourcecode.cpp.cpp; path = ZQCCBILoader.cpp; sourceTree = "<group>"; };
		A27114391E69926400DC7FBA /* ZQCCBILoader.h */ = {isa = PBXFileReference; fileEncoding = 4; lastKnownFileType = sourcecode.c.h; path = ZQCCBILoader.h; sourceTree = "<group>"; };
		A27F2A511E7002010014FF07 /* ZQFs.cpp */ = {isa = PBXFileReference; fileEncoding = 4; lastKnownFileType = sourcecode.cpp.cpp; path = ZQFs.cpp; sourceTree = "<group>"; };
		A27F2A521E7002010014FF07 /* ZQFs.h */ = {isa = PBXFileReference; fileEncoding = 4; lastKnownFileType = sourcecode.c.h; path = ZQFs.h; sourceTree = "<group>"; };
		A27F2A571E701EA60014FF07 /* ZQFs_unix.cpp */ = {isa = PBXFileReference; fileEncoding = 4; lastKnownFileType = sourcecode.cpp.cpp; path = ZQFs_unix.cpp; sourceTree = "<group>"; };
		A284866C1E1DEBF200E39265 /* ZQTextUtil.cpp */ = {isa = PBXFileReference; fileEncoding = 4; lastKnownFileType = sourcecode.cpp.cpp; path = ZQTextUtil.cpp; sourceTree = "<group>"; };
		A284866D1E1DEBF200E39265 /* ZQTextUtil.h */ = {isa = PBXFileReference; fileEncoding = 4; lastKnownFileType = sourcecode.c.h; path = ZQTextUtil.h; sourceTree = "<group>"; };
		A28486721E1DF6A700E39265 /* ZQTextUtilMac.mm */ = {isa = PBXFileReference; fileEncoding = 4; lastKnownFileType = sourcecode.cpp.objcpp; path = ZQTextUtilMac.mm; sourceTree = "<group>"; };
		A28486731E1DF6A700E39265 /* ZQTextUtilMac.h */ = {isa = PBXFileReference; fileEncoding = 4; lastKnownFileType = sourcecode.c.h; path = ZQTextUtilMac.h; sourceTree = "<group>"; };
		A28866BD1E320F0E00A33402 /* ZQTextBox.cpp */ = {isa = PBXFileReference; fileEncoding = 4; lastKnownFileType = sourcecode.cpp.cpp; path = ZQTextBox.cpp; sourceTree = "<group>"; };
		A28866BE1E320F0E00A33402 /* ZQTextBox.h */ = {isa = PBXFileReference; fileEncoding = 4; lastKnownFileType = sourcecode.c.h; path = ZQTextBox.h; sourceTree = "<group>"; };
		A28FB8FF1E77BCB500DD61AF /* ZQMD5.cpp */ = {isa = PBXFileReference; fileEncoding = 4; lastKnownFileType = sourcecode.cpp.cpp; path = ZQMD5.cpp; sourceTree = "<group>"; };
		A28FB9001E77BCB500DD61AF /* ZQMD5.h */ = {isa = PBXFileReference; fileEncoding = 4; lastKnownFileType = sourcecode.c.h; path = ZQMD5.h; sourceTree = "<group>"; };
		A2989A831DE6DF790073E4F0 /* libzqMac.a */ = {isa = PBXFileReference; explicitFileType = archive.ar; includeInIndex = 0; path = libzqMac.a; sourceTree = BUILT_PRODUCTS_DIR; };
		A29A51FE1E5C5E470073A9C0 /* ZQScriptHandler.cpp */ = {isa = PBXFileReference; fileEncoding = 4; lastKnownFileType = sourcecode.cpp.cpp; path = ZQScriptHandler.cpp; sourceTree = "<group>"; };
		A29A51FF1E5C5E470073A9C0 /* ZQScriptHandler.h */ = {isa = PBXFileReference; fileEncoding = 4; lastKnownFileType = sourcecode.c.h; path = ZQScriptHandler.h; sourceTree = "<group>"; };
		A29A52041E5D2F190073A9C0 /* ZQAppEvent.cpp */ = {isa = PBXFileReference; fileEncoding = 4; lastKnownFileType = sourcecode.cpp.cpp; path = ZQAppEvent.cpp; sourceTree = "<group>"; };
		A29A52051E5D2F190073A9C0 /* ZQAppEvent.h */ = {isa = PBXFileReference; fileEncoding = 4; lastKnownFileType = sourcecode.c.h; path = ZQAppEvent.h; sourceTree = "<group>"; };
		A29A52101E5D51D50073A9C0 /* zq_scriptHandler_tolua_luabinding.cpp */ = {isa = PBXFileReference; fileEncoding = 4; lastKnownFileType = sourcecode.cpp.cpp; path = zq_scriptHandler_tolua_luabinding.cpp; sourceTree = "<group>"; };
		A29A52111E5D51D50073A9C0 /* zq_scriptHandler_tolua_luabinding.h */ = {isa = PBXFileReference; fileEncoding = 4; lastKnownFileType = sourcecode.c.h; path = zq_scriptHandler_tolua_luabinding.h; sourceTree = "<group>"; };
		A29A52161E5DB0D10073A9C0 /* ZQAppCenter.cpp */ = {isa = PBXFileReference; fileEncoding = 4; lastKnownFileType = sourcecode.cpp.cpp; path = ZQAppCenter.cpp; sourceTree = "<group>"; };
		A29A52171E5DB0D10073A9C0 /* ZQAppCenter.h */ = {isa = PBXFileReference; fileEncoding = 4; lastKnownFileType = sourcecode.c.h; path = ZQAppCenter.h; sourceTree = "<group>"; };
		A29A521D1E5DB7260073A9C0 /* ZQRunLoop.cpp */ = {isa = PBXFileReference; fileEncoding = 4; lastKnownFileType = sourcecode.cpp.cpp; path = ZQRunLoop.cpp; sourceTree = "<group>"; };
		A29A521E1E5DB7260073A9C0 /* ZQRunLoop.h */ = {isa = PBXFileReference; fileEncoding = 4; lastKnownFileType = sourcecode.c.h; path = ZQRunLoop.h; sourceTree = "<group>"; };
		A29A52241E5EBC000073A9C0 /* ZQLaunchScene.cpp */ = {isa = PBXFileReference; fileEncoding = 4; lastKnownFileType = sourcecode.cpp.cpp; path = ZQLaunchScene.cpp; sourceTree = "<group>"; };
		A29A52251E5EBC000073A9C0 /* ZQLaunchScene.h */ = {isa = PBXFileReference; fileEncoding = 4; lastKnownFileType = sourcecode.c.h; path = ZQLaunchScene.h; sourceTree = "<group>"; };
		A29A522B1E5FE1430073A9C0 /* ZQHTTPService.cpp */ = {isa = PBXFileReference; fileEncoding = 4; lastKnownFileType = sourcecode.cpp.cpp; path = ZQHTTPService.cpp; sourceTree = "<group>"; };
		A29A522C1E5FE1430073A9C0 /* ZQHTTPService.h */ = {isa = PBXFileReference; fileEncoding = 4; lastKnownFileType = sourcecode.c.h; path = ZQHTTPService.h; sourceTree = "<group>"; };
		A2CEFDD91E55C0BF00934B41 /* ZQTextArea.cpp */ = {isa = PBXFileReference; fileEncoding = 4; lastKnownFileType = sourcecode.cpp.cpp; path = ZQTextArea.cpp; sourceTree = "<group>"; };
		A2CEFDDA1E55C0BF00934B41 /* ZQTextArea.h */ = {isa = PBXFileReference; fileEncoding = 4; lastKnownFileType = sourcecode.c.h; path = ZQTextArea.h; sourceTree = "<group>"; };
		A2CEFDE01E55CEDB00934B41 /* ZQTextAreaMac.h */ = {isa = PBXFileReference; fileEncoding = 4; lastKnownFileType = sourcecode.c.h; path = ZQTextAreaMac.h; sourceTree = "<group>"; };
		A2CEFDE11E55CEDB00934B41 /* ZQTextAreaMac.mm */ = {isa = PBXFileReference; fileEncoding = 4; lastKnownFileType = sourcecode.cpp.objcpp; path = ZQTextAreaMac.mm; sourceTree = "<group>"; };
		A2CEFDE71E56E20D00934B41 /* ZQDeviceInfo.cpp */ = {isa = PBXFileReference; fileEncoding = 4; lastKnownFileType = sourcecode.cpp.cpp; path = ZQDeviceInfo.cpp; sourceTree = "<group>"; };
		A2CEFDE81E56E20D00934B41 /* ZQDeviceInfo.h */ = {isa = PBXFileReference; fileEncoding = 4; lastKnownFileType = sourcecode.c.h; path = ZQDeviceInfo.h; sourceTree = "<group>"; };
		A2CEFDEE1E571D0000934B41 /* ZQDeviceInfoMac.h */ = {isa = PBXFileReference; lastKnownFileType = sourcecode.c.h; path = ZQDeviceInfoMac.h; sourceTree = "<group>"; };
		A2CEFDEF1E571D7800934B41 /* ZQDeviceInfoMac.mm */ = {isa = PBXFileReference; fileEncoding = 4; lastKnownFileType = sourcecode.cpp.objcpp; path = ZQDeviceInfoMac.mm; sourceTree = "<group>"; };
		A2F1CC0D1DE8308000B7CB8D /* ZQImageManage.cpp */ = {isa = PBXFileReference; fileEncoding = 4; lastKnownFileType = sourcecode.cpp.cpp; path = ZQImageManage.cpp; sourceTree = "<group>"; };
		A2F1CC0E1DE8308000B7CB8D /* ZQImageManage.h */ = {isa = PBXFileReference; fileEncoding = 4; lastKnownFileType = sourcecode.c.h; path = ZQImageManage.h; sourceTree = "<group>"; };
		A2F1CC111DE8314F00B7CB8D /* ZQFileManage.h */ = {isa = PBXFileReference; fileEncoding = 4; lastKnownFileType = sourcecode.c.h; path = ZQFileManage.h; sourceTree = "<group>"; };
		A2F1CC121DE8314F00B7CB8D /* ZQJsonManage.h */ = {isa = PBXFileReference; fileEncoding = 4; lastKnownFileType = sourcecode.c.h; path = ZQJsonManage.h; sourceTree = "<group>"; };
		A2F1CC131DE8314F00B7CB8D /* ZQPlistManage.h */ = {isa = PBXFileReference; fileEncoding = 4; lastKnownFileType = sourcecode.c.h; path = ZQPlistManage.h; sourceTree = "<group>"; };
		A2F1CC171DE831BC00B7CB8D /* ZQDateUtils.h */ = {isa = PBXFileReference; fileEncoding = 4; lastKnownFileType = sourcecode.c.h; path = ZQDateUtils.h; sourceTree = "<group>"; };
		A2F1CC181DE831BC00B7CB8D /* ZQStringUtils.h */ = {isa = PBXFileReference; fileEncoding = 4; lastKnownFileType = sourcecode.c.h; path = ZQStringUtils.h; sourceTree = "<group>"; };
		A2F1CC1B1DE8322900B7CB8D /* ZQLogger.h */ = {isa = PBXFileReference; fileEncoding = 4; lastKnownFileType = sourcecode.c.h; path = ZQLogger.h; sourceTree = "<group>"; };
		A2FEFD4A1DEEE86900826CCE /* ZQLibExt.h */ = {isa = PBXFileReference; lastKnownFileType = sourcecode.c.h; path = ZQLibExt.h; sourceTree = "<group>"; };
/* End PBXFileReference section */

/* Begin PBXFrameworksBuildPhase section */
		A222FE851DC08CE8009F3A9A /* Frameworks */ = {
			isa = PBXFrameworksBuildPhase;
			buildActionMask = 2147483647;
			files = (
			);
			runOnlyForDeploymentPostprocessing = 0;
		};
		A2989A711DE6DF790073E4F0 /* Frameworks */ = {
			isa = PBXFrameworksBuildPhase;
			buildActionMask = 2147483647;
			files = (
			);
			runOnlyForDeploymentPostprocessing = 0;
		};
/* End PBXFrameworksBuildPhase section */

/* Begin PBXGroup section */
		A221056D1DDED7760075B8F5 /* utils */ = {
			isa = PBXGroup;
			children = (
				A2F1CC171DE831BC00B7CB8D /* ZQDateUtils.h */,
				A2F1CC181DE831BC00B7CB8D /* ZQStringUtils.h */,
				A22105721DDED8CC0075B8F5 /* ZQStringUtils.cpp */,
				A26387671DE2FC6100A6D925 /* ZQDateUtils.cpp */,
				A27F2A511E7002010014FF07 /* ZQFs.cpp */,
				A27F2A521E7002010014FF07 /* ZQFs.h */,
				A27F2A571E701EA60014FF07 /* ZQFs_unix.cpp */,
			);
			path = utils;
			sourceTree = "<group>";
		};
		A221C3271DCA0FAF00F2F64B /* data */ = {
			isa = PBXGroup;
			children = (
				A2F1CC111DE8314F00B7CB8D /* ZQFileManage.h */,
				A2F1CC121DE8314F00B7CB8D /* ZQJsonManage.h */,
				A2F1CC131DE8314F00B7CB8D /* ZQPlistManage.h */,
				A239097D1DCCA0BB003DA6C3 /* ZQFileManage.cpp */,
				A25FE1A21DD2CC3D00DB55E5 /* ZQJsonManage.cpp */,
				A25FE1AA1DD58D5400DB55E5 /* ZQPlistManage.cpp */,
				A2F1CC0D1DE8308000B7CB8D /* ZQImageManage.cpp */,
				A2F1CC0E1DE8308000B7CB8D /* ZQImageManage.h */,
				A27114381E69926400DC7FBA /* ZQCCBILoader.cpp */,
				A27114391E69926400DC7FBA /* ZQCCBILoader.h */,
			);
			path = data;
			sourceTree = "<group>";
		};
		A222FE7F1DC08CE8009F3A9A = {
			isa = PBXGroup;
			children = (
				A26BAF5B1E10C6A600D3972B /* tolua_buildings */,
				A26BAF4D1E10C63600D3972B /* auto_buildings */,
				A222FEAC1DC0A0B9009F3A9A /* libzq */,
				A222FE891DC08CE8009F3A9A /* Products */,
			);
			sourceTree = "<group>";
		};
		A222FE891DC08CE8009F3A9A /* Products */ = {
			isa = PBXGroup;
			children = (
				A222FE881DC08CE8009F3A9A /* libzqIOS.a */,
				A2989A831DE6DF790073E4F0 /* libzqMac.a */,
			);
			name = Products;
			sourceTree = "<group>";
		};
		A222FEAC1DC0A0B9009F3A9A /* libzq */ = {
			isa = PBXGroup;
			children = (
				A29A522A1E5FE1080073A9C0 /* net */,
				A29A52231E5EBBAF0073A9C0 /* launch */,
				A29A51F71E5C5D5B0073A9C0 /* core */,
				A2CEFDE61E56E1F600934B41 /* tool */,
				A221056D1DDED7760075B8F5 /* utils */,
				A25339F31DD96B8200E0D086 /* platform */,
				A25FE1BB1DD5C03900DB55E5 /* log */,
				A25FE1AE1DD5925100DB55E5 /* libs */,
				A221C3271DCA0FAF00F2F64B /* data */,
				A222FEAD1DC0A0B9009F3A9A /* draw */,
				A2FEFD4A1DEEE86900826CCE /* ZQLibExt.h */,
			);
			name = libzq;
			path = ../libzq;
			sourceTree = "<group>";
		};
		A222FEAD1DC0A0B9009F3A9A /* draw */ = {
			isa = PBXGroup;
			children = (
				A26CF9881E0BA10E0026F5CB /* ZQCustomAction.cpp */,
				A26CF9891E0BA10E0026F5CB /* ZQCustomAction.h */,
				A284866C1E1DEBF200E39265 /* ZQTextUtil.cpp */,
				A284866D1E1DEBF200E39265 /* ZQTextUtil.h */,
				A28866BD1E320F0E00A33402 /* ZQTextBox.cpp */,
				A28866BE1E320F0E00A33402 /* ZQTextBox.h */,
				A2CEFDD91E55C0BF00934B41 /* ZQTextArea.cpp */,
				A2CEFDDA1E55C0BF00934B41 /* ZQTextArea.h */,
			);
			path = draw;
			sourceTree = "<group>";
		};
		A25339F31DD96B8200E0D086 /* platform */ = {
			isa = PBXGroup;
			children = (
				A25339F41DD96B8200E0D086 /* android */,
				A25339F51DD96B8200E0D086 /* ios */,
				A25339F61DD96B8200E0D086 /* mac */,
			);
			path = platform;
			sourceTree = "<group>";
		};
		A25339F41DD96B8200E0D086 /* android */ = {
			isa = PBXGroup;
			children = (
			);
			path = android;
			sourceTree = "<group>";
		};
		A25339F51DD96B8200E0D086 /* ios */ = {
			isa = PBXGroup;
			children = (
				A263876F1DE4640700A6D925 /* ZQLoggerIOS.h */,
				A26387701DE4640700A6D925 /* ZQLoggerIOS.mm */,
			);
			path = ios;
			sourceTree = "<group>";
		};
		A25339F61DD96B8200E0D086 /* mac */ = {
			isa = PBXGroup;
			children = (
				A2CEFDEF1E571D7800934B41 /* ZQDeviceInfoMac.mm */,
				A2CEFDE01E55CEDB00934B41 /* ZQTextAreaMac.h */,
				A2CEFDE11E55CEDB00934B41 /* ZQTextAreaMac.mm */,
				A26387771DE4696400A6D925 /* ZQLoggerMac.h */,
				A26387781DE4696400A6D925 /* ZQLoggerMac.mm */,
				A28486721E1DF6A700E39265 /* ZQTextUtilMac.mm */,
				A28486731E1DF6A700E39265 /* ZQTextUtilMac.h */,
				A25ADC421E517D7300E181F9 /* ZQTextBoxMac.mm */,
				A25ADC431E517D7300E181F9 /* ZQTextBoxMac.h */,
				A2CEFDEE1E571D0000934B41 /* ZQDeviceInfoMac.h */,
			);
			path = mac;
			sourceTree = "<group>";
		};
		A25FE1AE1DD5925100DB55E5 /* libs */ = {
			isa = PBXGroup;
			children = (
				A25FE1AF1DD5925100DB55E5 /* rapidxml */,
			);
			path = libs;
			sourceTree = "<group>";
		};
		A25FE1AF1DD5925100DB55E5 /* rapidxml */ = {
			isa = PBXGroup;
			children = (
				A25FE1B01DD5925100DB55E5 /* license.txt */,
				A25FE1B11DD5925100DB55E5 /* manual.html */,
				A25FE1B21DD5925100DB55E5 /* rapidxml.hpp */,
				A25FE1B31DD5925100DB55E5 /* rapidxml_iterators.hpp */,
				A25FE1B41DD5925100DB55E5 /* rapidxml_print.hpp */,
				A25FE1B51DD5925100DB55E5 /* rapidxml_utils.hpp */,
			);
			path = rapidxml;
			sourceTree = "<group>";
		};
		A25FE1BB1DD5C03900DB55E5 /* log */ = {
			isa = PBXGroup;
			children = (
				A2F1CC1B1DE8322900B7CB8D /* ZQLogger.h */,
				A25339FB1DD96E0E00E0D086 /* ZQLogger.cpp */,
			);
			path = log;
			sourceTree = "<group>";
		};
		A26BAF4D1E10C63600D3972B /* auto_buildings */ = {
			isa = PBXGroup;
			children = (
				A26BAF4E1E10C63600D3972B /* api */,
				A26BAF571E10C63600D3972B /* lua_zq_auto.cpp */,
				A26BAF581E10C63600D3972B /* lua_zq_auto.hpp */,
			);
			name = auto_buildings;
			path = ../auto_buildings;
			sourceTree = "<group>";
		};
		A26BAF4E1E10C63600D3972B /* api */ = {
			isa = PBXGroup;
			children = (
				A26BAF4F1E10C63600D3972B /* DateUtils.lua */,
				A26BAF501E10C63600D3972B /* lua_zq_auto_api.lua */,
				A26BAF511E10C63600D3972B /* ZQCustomAction.lua */,
				A26BAF521E10C63600D3972B /* ZQFileManage.lua */,
				A26BAF531E10C63600D3972B /* ZQImageManage.lua */,
				A26BAF541E10C63600D3972B /* ZQJsonManage.lua */,
				A26BAF551E10C63600D3972B /* ZQLogger.lua */,
				A26BAF561E10C63600D3972B /* ZQPlistManage.lua */,
			);
			path = api;
			sourceTree = "<group>";
		};
		A26BAF5B1E10C6A600D3972B /* tolua_buildings */ = {
			isa = PBXGroup;
			children = (
				A29A52101E5D51D50073A9C0 /* zq_scriptHandler_tolua_luabinding.cpp */,
				A29A52111E5D51D50073A9C0 /* zq_scriptHandler_tolua_luabinding.h */,
				A26BAF621E10EAF500D3972B /* zq_sprite_draw_tolua_manual.h */,
				A26BAF631E10EAF500D3972B /* zq_sprite_draw_tolua_manual.cpp */,
				A26BAF5C1E10C6A600D3972B /* zq_custom_action_tolua_luabinding.cpp */,
				A26BAF5D1E10C6A600D3972B /* zq_custom_action_tolua_luabinding.h */,
			);
			name = tolua_buildings;
			path = ../tolua_buildings;
			sourceTree = "<group>";
		};
		A29A51F71E5C5D5B0073A9C0 /* core */ = {
			isa = PBXGroup;
			children = (
				A29A51FE1E5C5E470073A9C0 /* ZQScriptHandler.cpp */,
				A29A51FF1E5C5E470073A9C0 /* ZQScriptHandler.h */,
				A29A52041E5D2F190073A9C0 /* ZQAppEvent.cpp */,
				A29A52051E5D2F190073A9C0 /* ZQAppEvent.h */,
				A29A52161E5DB0D10073A9C0 /* ZQAppCenter.cpp */,
				A29A52171E5DB0D10073A9C0 /* ZQAppCenter.h */,
				A29A521D1E5DB7260073A9C0 /* ZQRunLoop.cpp */,
				A29A521E1E5DB7260073A9C0 /* ZQRunLoop.h */,
			);
			path = core;
			sourceTree = "<group>";
		};
		A29A52231E5EBBAF0073A9C0 /* launch */ = {
			isa = PBXGroup;
			children = (
				A29A52241E5EBC000073A9C0 /* ZQLaunchScene.cpp */,
				A29A52251E5EBC000073A9C0 /* ZQLaunchScene.h */,
			);
			path = launch;
			sourceTree = "<group>";
		};
		A29A522A1E5FE1080073A9C0 /* net */ = {
			isa = PBXGroup;
			children = (
				A29A522B1E5FE1430073A9C0 /* ZQHTTPService.cpp */,
				A29A522C1E5FE1430073A9C0 /* ZQHTTPService.h */,
			);
			path = net;
			sourceTree = "<group>";
		};
		A2CEFDE61E56E1F600934B41 /* tool */ = {
			isa = PBXGroup;
			children = (
				A2CEFDE71E56E20D00934B41 /* ZQDeviceInfo.cpp */,
				A2CEFDE81E56E20D00934B41 /* ZQDeviceInfo.h */,
				A28FB8FF1E77BCB500DD61AF /* ZQMD5.cpp */,
				A28FB9001E77BCB500DD61AF /* ZQMD5.h */,
			);
			path = tool;
			sourceTree = "<group>";
		};
/* End PBXGroup section */

/* Begin PBXHeadersBuildPhase section */
		A222FE861DC08CE8009F3A9A /* Headers */ = {
			isa = PBXHeadersBuildPhase;
			buildActionMask = 2147483647;
			files = (
				A27F2A561E7002010014FF07 /* ZQFs.h in Headers */,
				A25FE1B71DD5925100DB55E5 /* rapidxml_iterators.hpp in Headers */,
				A29A521A1E5DB0D10073A9C0 /* ZQAppCenter.h in Headers */,
				A2F1CC1C1DE8322900B7CB8D /* ZQLogger.h in Headers */,
				A25FE1B91DD5925100DB55E5 /* rapidxml_utils.hpp in Headers */,
				A26BAF5F1E10C6A600D3972B /* zq_custom_action_tolua_luabinding.h in Headers */,
				A2CEFDDD1E55C0BF00934B41 /* ZQTextArea.h in Headers */,
				A271143D1E69926400DC7FBA /* ZQCCBILoader.h in Headers */,
				A29A52021E5C5E470073A9C0 /* ZQScriptHandler.h in Headers */,
				A2F1CC101DE8308000B7CB8D /* ZQImageManage.h in Headers */,
				A2F1CC141DE8314F00B7CB8D /* ZQFileManage.h in Headers */,
				A2CEFDEB1E56E20D00934B41 /* ZQDeviceInfo.h in Headers */,
				A28486701E1DEBF200E39265 /* ZQTextUtil.h in Headers */,
				A2F1CC161DE8314F00B7CB8D /* ZQPlistManage.h in Headers */,
				A26387711DE4640700A6D925 /* ZQLoggerIOS.h in Headers */,
				A29A522F1E5FE1430073A9C0 /* ZQHTTPService.h in Headers */,
				A29A52141E5D51D50073A9C0 /* zq_scriptHandler_tolua_luabinding.h in Headers */,
				A26BAF641E10EAF500D3972B /* zq_sprite_draw_tolua_manual.h in Headers */,
				A26BAF5A1E10C63600D3972B /* lua_zq_auto.hpp in Headers */,
				A2F1CC1A1DE831BC00B7CB8D /* ZQStringUtils.h in Headers */,
				A26CF98C1E0BA10E0026F5CB /* ZQCustomAction.h in Headers */,
				A28486761E1DF6A700E39265 /* ZQTextUtilMac.h in Headers */,
				A29A52081E5D2F190073A9C0 /* ZQAppEvent.h in Headers */,
				A29A52281E5EBC000073A9C0 /* ZQLaunchScene.h in Headers */,
				A28FB9041E77BCB500DD61AF /* ZQMD5.h in Headers */,
				A2CEFDE21E55CEDB00934B41 /* ZQTextAreaMac.h in Headers */,
				A2F1CC191DE831BC00B7CB8D /* ZQDateUtils.h in Headers */,
				A26387791DE4696400A6D925 /* ZQLoggerMac.h in Headers */,
				A29A52211E5DB7260073A9C0 /* ZQRunLoop.h in Headers */,
				A25FE1B61DD5925100DB55E5 /* rapidxml.hpp in Headers */,
				A25FE1B81DD5925100DB55E5 /* rapidxml_print.hpp in Headers */,
				A28866C11E320F0E00A33402 /* ZQTextBox.h in Headers */,
				A2F1CC151DE8314F00B7CB8D /* ZQJsonManage.h in Headers */,
			);
			runOnlyForDeploymentPostprocessing = 0;
		};
		A2989A721DE6DF790073E4F0 /* Headers */ = {
			isa = PBXHeadersBuildPhase;
			buildActionMask = 2147483647;
			files = (
				A29A52091E5D2F190073A9C0 /* ZQAppEvent.h in Headers */,
				A29A52291E5EBC000073A9C0 /* ZQLaunchScene.h in Headers */,
				A28486771E1DF6A700E39265 /* ZQTextUtilMac.h in Headers */,
				A29A52151E5D51D50073A9C0 /* zq_scriptHandler_tolua_luabinding.h in Headers */,
				A2CEFDEC1E56E20D00934B41 /* ZQDeviceInfo.h in Headers */,
				A29A52221E5DB7260073A9C0 /* ZQRunLoop.h in Headers */,
				A28FB9031E77BCB500DD61AF /* ZQMD5.h in Headers */,
				A28486711E1DEBF200E39265 /* ZQTextUtil.h in Headers */,
				A29A52301E5FE1430073A9C0 /* ZQHTTPService.h in Headers */,
				A2989A731DE6DF790073E4F0 /* rapidxml_iterators.hpp in Headers */,
				A2989A751DE6DF790073E4F0 /* rapidxml_utils.hpp in Headers */,
				A29A52031E5C5E470073A9C0 /* ZQScriptHandler.h in Headers */,
				A271143C1E69926400DC7FBA /* ZQCCBILoader.h in Headers */,
				A2CEFDE31E55CEDB00934B41 /* ZQTextAreaMac.h in Headers */,
				A25ADC451E517D7300E181F9 /* ZQTextBoxMac.h in Headers */,
				A29A521B1E5DB0D10073A9C0 /* ZQAppCenter.h in Headers */,
				A2989A781DE6DF790073E4F0 /* ZQLoggerIOS.h in Headers */,
				A2989A7A1DE6DF790073E4F0 /* ZQLoggerMac.h in Headers */,
				A2CEFDDE1E55C0BF00934B41 /* ZQTextArea.h in Headers */,
				A26CF98D1E0BA10E0026F5CB /* ZQCustomAction.h in Headers */,
				A2989A7C1DE6DF790073E4F0 /* rapidxml.hpp in Headers */,
				A28866C21E320F0E00A33402 /* ZQTextBox.h in Headers */,
				A2989A7E1DE6DF790073E4F0 /* rapidxml_print.hpp in Headers */,
				A27F2A551E7002010014FF07 /* ZQFs.h in Headers */,
			);
			runOnlyForDeploymentPostprocessing = 0;
		};
/* End PBXHeadersBuildPhase section */

/* Begin PBXNativeTarget section */
		A222FE871DC08CE8009F3A9A /* libzqIOS */ = {
			isa = PBXNativeTarget;
			buildConfigurationList = A222FE8C1DC08CE8009F3A9A /* Build configuration list for PBXNativeTarget "libzqIOS" */;
			buildPhases = (
				A222FE841DC08CE8009F3A9A /* Sources */,
				A222FE851DC08CE8009F3A9A /* Frameworks */,
				A222FE861DC08CE8009F3A9A /* Headers */,
			);
			buildRules = (
			);
			dependencies = (
			);
			name = libzqIOS;
			productName = libzq;
			productReference = A222FE881DC08CE8009F3A9A /* libzqIOS.a */;
			productType = "com.apple.product-type.library.static";
		};
		A2989A661DE6DF790073E4F0 /* libzqMac */ = {
			isa = PBXNativeTarget;
			buildConfigurationList = A2989A801DE6DF790073E4F0 /* Build configuration list for PBXNativeTarget "libzqMac" */;
			buildPhases = (
				A2989A671DE6DF790073E4F0 /* Sources */,
				A2989A711DE6DF790073E4F0 /* Frameworks */,
				A2989A721DE6DF790073E4F0 /* Headers */,
			);
			buildRules = (
			);
			dependencies = (
			);
			name = libzqMac;
			productName = libzq;
			productReference = A2989A831DE6DF790073E4F0 /* libzqMac.a */;
			productType = "com.apple.product-type.library.static";
		};
/* End PBXNativeTarget section */

/* Begin PBXProject section */
		A222FE801DC08CE8009F3A9A /* Project object */ = {
			isa = PBXProject;
			attributes = {
				LastUpgradeCheck = 0800;
				ORGANIZATIONNAME = zyqiosexercise;
				TargetAttributes = {
					A222FE871DC08CE8009F3A9A = {
						CreatedOnToolsVersion = 8.0;
						ProvisioningStyle = Automatic;
					};
				};
			};
			buildConfigurationList = A222FE831DC08CE8009F3A9A /* Build configuration list for PBXProject "libzq" */;
			compatibilityVersion = "Xcode 3.2";
			developmentRegion = English;
			hasScannedForEncodings = 0;
			knownRegions = (
				en,
			);
			mainGroup = A222FE7F1DC08CE8009F3A9A;
			productRefGroup = A222FE891DC08CE8009F3A9A /* Products */;
			projectDirPath = "";
			projectRoot = "";
			targets = (
				A2989A661DE6DF790073E4F0 /* libzqMac */,
				A222FE871DC08CE8009F3A9A /* libzqIOS */,
			);
		};
/* End PBXProject section */

/* Begin PBXSourcesBuildPhase section */
		A222FE841DC08CE8009F3A9A /* Sources */ = {
			isa = PBXSourcesBuildPhase;
			buildActionMask = 2147483647;
			files = (
				A27F2A4C1E6D4C090014FF07 /* ZQCCBILoader.cpp in Sources */,
				A27F2A5A1E701EA60014FF07 /* ZQFs_unix.cpp in Sources */,
				A29A521F1E5DB7260073A9C0 /* ZQRunLoop.cpp in Sources */,
				A2CEFDDF1E55C5B300934B41 /* ZQTextArea.cpp in Sources */,
				A29A52121E5D51D50073A9C0 /* zq_scriptHandler_tolua_luabinding.cpp in Sources */,
				A26387691DE2FC6100A6D925 /* ZQDateUtils.cpp in Sources */,
				A29A52001E5C5E470073A9C0 /* ZQScriptHandler.cpp in Sources */,
				A26387721DE4640700A6D925 /* ZQLoggerIOS.mm in Sources */,
				A26BAF591E10C63600D3972B /* lua_zq_auto.cpp in Sources */,
				A28FB9021E77BCB500DD61AF /* ZQMD5.cpp in Sources */,
				A29A52181E5DB0D10073A9C0 /* ZQAppCenter.cpp in Sources */,
				A26BAF5E1E10C6A600D3972B /* zq_custom_action_tolua_luabinding.cpp in Sources */,
				A29A52061E5D2F190073A9C0 /* ZQAppEvent.cpp in Sources */,
				A2CEFDE91E56E20D00934B41 /* ZQDeviceInfo.cpp in Sources */,
				A26CF98A1E0BA10E0026F5CB /* ZQCustomAction.cpp in Sources */,
				A2F1CC0F1DE8308000B7CB8D /* ZQImageManage.cpp in Sources */,
				A25339FD1DD96E0E00E0D086 /* ZQLogger.cpp in Sources */,
				A239097F1DCCA0BB003DA6C3 /* ZQFileManage.cpp in Sources */,
				A22105741DDED8CC0075B8F5 /* ZQStringUtils.cpp in Sources */,
				A25FE1AC1DD58D5400DB55E5 /* ZQPlistManage.cpp in Sources */,
				A284866E1E1DEBF200E39265 /* ZQTextUtil.cpp in Sources */,
				A25FE1A41DD2CC3D00DB55E5 /* ZQJsonManage.cpp in Sources */,
				A29A52261E5EBC000073A9C0 /* ZQLaunchScene.cpp in Sources */,
				A27F2A541E7002010014FF07 /* ZQFs.cpp in Sources */,
				A29A522D1E5FE1430073A9C0 /* ZQHTTPService.cpp in Sources */,
				A26BAF651E10EAF500D3972B /* zq_sprite_draw_tolua_manual.cpp in Sources */,
			);
			runOnlyForDeploymentPostprocessing = 0;
		};
		A2989A671DE6DF790073E4F0 /* Sources */ = {
			isa = PBXSourcesBuildPhase;
			buildActionMask = 2147483647;
			files = (
				A29A52311E6011CD0073A9C0 /* ZQHTTPService.cpp in Sources */,
				A2CEFDEA1E56E20D00934B41 /* ZQDeviceInfo.cpp in Sources */,
				A29A52071E5D2F190073A9C0 /* ZQAppEvent.cpp in Sources */,
				A2CEFDDC1E55C0BF00934B41 /* ZQTextArea.cpp in Sources */,
				A25ADC4D1E544D9C00E181F9 /* ZQTextBox.cpp in Sources */,
				A28486791E1E187100E39265 /* ZQTextUtilMac.mm in Sources */,
				A28486781E1E186000E39265 /* ZQPlistManage.h in Sources */,
				A26BAF661E110A1100D3972B /* zq_sprite_draw_tolua_manual.cpp in Sources */,
				A27F2A591E701EA60014FF07 /* ZQFs_unix.cpp in Sources */,
				A26BAF611E10CAD500D3972B /* lua_zq_auto.cpp in Sources */,
				A27F2A531E7002010014FF07 /* ZQFs.cpp in Sources */,
				A28FB9011E77BCB500DD61AF /* ZQMD5.cpp in Sources */,
				A26BAF601E10CAD100D3972B /* zq_custom_action_tolua_luabinding.cpp in Sources */,
				A29A52191E5DB0D10073A9C0 /* ZQAppCenter.cpp in Sources */,
				A2CEFDE51E55CEDB00934B41 /* ZQTextAreaMac.mm in Sources */,
				A277102F1DF82B3D0074C87D /* ZQImageManage.cpp in Sources */,
				A29A52201E5DB7260073A9C0 /* ZQRunLoop.cpp in Sources */,
				A2989A691DE6DF790073E4F0 /* ZQDateUtils.cpp in Sources */,
				A26CF98B1E0BA10E0026F5CB /* ZQCustomAction.cpp in Sources */,
				A2989A6B1DE6DF790073E4F0 /* ZQLoggerMac.mm in Sources */,
				A2989A6C1DE6DF790073E4F0 /* ZQLogger.cpp in Sources */,
				A25ADC441E517D7300E181F9 /* ZQTextBoxMac.mm in Sources */,
				A2CEFDF11E571D7800934B41 /* ZQDeviceInfoMac.mm in Sources */,
				A2989A6D1DE6DF790073E4F0 /* ZQFileManage.cpp in Sources */,
				A2989A6E1DE6DF790073E4F0 /* ZQStringUtils.cpp in Sources */,
				A29A52131E5D51D50073A9C0 /* zq_scriptHandler_tolua_luabinding.cpp in Sources */,
				A29A52011E5C5E470073A9C0 /* ZQScriptHandler.cpp in Sources */,
				A284866F1E1DEBF200E39265 /* ZQTextUtil.cpp in Sources */,
				A2989A6F1DE6DF790073E4F0 /* ZQPlistManage.cpp in Sources */,
				A29A52271E5EBC000073A9C0 /* ZQLaunchScene.cpp in Sources */,
				A271143A1E69926400DC7FBA /* ZQCCBILoader.cpp in Sources */,
				A2989A701DE6DF790073E4F0 /* ZQJsonManage.cpp in Sources */,
			);
			runOnlyForDeploymentPostprocessing = 0;
		};
/* End PBXSourcesBuildPhase section */

/* Begin XCBuildConfiguration section */
		A222FE8A1DC08CE8009F3A9A /* Debug */ = {
			isa = XCBuildConfiguration;
			buildSettings = {
				ALWAYS_SEARCH_USER_PATHS = YES;
				CLANG_ANALYZER_NONNULL = YES;
				CLANG_CXX_LANGUAGE_STANDARD = "gnu++0x";
				CLANG_CXX_LIBRARY = "libc++";
				CLANG_ENABLE_MODULES = YES;
				CLANG_ENABLE_OBJC_ARC = NO;
				CLANG_WARN_BOOL_CONVERSION = YES;
				CLANG_WARN_CONSTANT_CONVERSION = YES;
				CLANG_WARN_DIRECT_OBJC_ISA_USAGE = YES_ERROR;
				CLANG_WARN_DOCUMENTATION_COMMENTS = YES;
				CLANG_WARN_EMPTY_BODY = YES;
				CLANG_WARN_ENUM_CONVERSION = YES;
				CLANG_WARN_INFINITE_RECURSION = YES;
				CLANG_WARN_INT_CONVERSION = YES;
				CLANG_WARN_OBJC_ROOT_CLASS = YES_ERROR;
				CLANG_WARN_SUSPICIOUS_MOVES = YES;
				CLANG_WARN_UNREACHABLE_CODE = YES;
				CLANG_WARN__DUPLICATE_METHOD_MATCH = YES;
				CODE_SIGN_IDENTITY = "-";
				COPY_PHASE_STRIP = NO;
				DEBUG_INFORMATION_FORMAT = dwarf;
				ENABLE_STRICT_OBJC_MSGSEND = YES;
				ENABLE_TESTABILITY = YES;
				GCC_C_LANGUAGE_STANDARD = gnu99;
				GCC_DYNAMIC_NO_PIC = NO;
				GCC_NO_COMMON_BLOCKS = YES;
				GCC_OPTIMIZATION_LEVEL = 0;
				GCC_PREPROCESSOR_DEFINITIONS = (
					"DEBUG=1",
					"COCOS2D_DEBUG=1",
				);
				GCC_WARN_64_TO_32_BIT_CONVERSION = YES;
				GCC_WARN_ABOUT_RETURN_TYPE = YES_ERROR;
				GCC_WARN_UNDECLARED_SELECTOR = YES;
				GCC_WARN_UNINITIALIZED_AUTOS = YES_AGGRESSIVE;
				GCC_WARN_UNUSED_FUNCTION = YES;
				GCC_WARN_UNUSED_VARIABLE = YES;
				IPHONEOS_DEPLOYMENT_TARGET = 9.0;
				LIBRARY_SEARCH_PATHS = "";
				MACOSX_DEPLOYMENT_TARGET = 10.8;
				MTL_ENABLE_DEBUG_INFO = YES;
				ONLY_ACTIVE_ARCH = YES;
				SDKROOT = macosx;
				USER_HEADER_SEARCH_PATHS = "$(SRCROOT)/../libzq $(SRCROOT)/../libzq/libs $(SRCROOT)/../../cocos2dx/external $(SRCROOT)/../../cocos2dx/cocos $(SRCROOT)/../../cocos2dx/external/glfw3/include/mac $(SRCROOT)/../../cocos2dx/external/lua/tolua $(SRCROOT)/../../cocos2dx/external/lua/luajit/include $(SRCROOT)/../../cocos2dx/cocos/scripting/lua-bindings/manual $(SRCROOT)/../../cocos2dx";
			};
			name = Debug;
		};
		A222FE8B1DC08CE8009F3A9A /* Release */ = {
			isa = XCBuildConfiguration;
			buildSettings = {
				ALWAYS_SEARCH_USER_PATHS = YES;
				CLANG_ANALYZER_NONNULL = YES;
				CLANG_CXX_LANGUAGE_STANDARD = "gnu++0x";
				CLANG_CXX_LIBRARY = "libc++";
				CLANG_ENABLE_MODULES = YES;
				CLANG_ENABLE_OBJC_ARC = NO;
				CLANG_WARN_BOOL_CONVERSION = YES;
				CLANG_WARN_CONSTANT_CONVERSION = YES;
				CLANG_WARN_DIRECT_OBJC_ISA_USAGE = YES_ERROR;
				CLANG_WARN_DOCUMENTATION_COMMENTS = YES;
				CLANG_WARN_EMPTY_BODY = YES;
				CLANG_WARN_ENUM_CONVERSION = YES;
				CLANG_WARN_INFINITE_RECURSION = YES;
				CLANG_WARN_INT_CONVERSION = YES;
				CLANG_WARN_OBJC_ROOT_CLASS = YES_ERROR;
				CLANG_WARN_SUSPICIOUS_MOVES = YES;
				CLANG_WARN_UNREACHABLE_CODE = YES;
				CLANG_WARN__DUPLICATE_METHOD_MATCH = YES;
				CODE_SIGN_IDENTITY = "-";
				COPY_PHASE_STRIP = NO;
				DEBUG_INFORMATION_FORMAT = "dwarf-with-dsym";
				ENABLE_NS_ASSERTIONS = NO;
				ENABLE_STRICT_OBJC_MSGSEND = YES;
				GCC_C_LANGUAGE_STANDARD = gnu99;
				GCC_NO_COMMON_BLOCKS = YES;
				GCC_PREPROCESSOR_DEFINITIONS = "";
				GCC_WARN_64_TO_32_BIT_CONVERSION = YES;
				GCC_WARN_ABOUT_RETURN_TYPE = YES_ERROR;
				GCC_WARN_UNDECLARED_SELECTOR = YES;
				GCC_WARN_UNINITIALIZED_AUTOS = YES_AGGRESSIVE;
				GCC_WARN_UNUSED_FUNCTION = YES;
				GCC_WARN_UNUSED_VARIABLE = YES;
				IPHONEOS_DEPLOYMENT_TARGET = 9.0;
				LIBRARY_SEARCH_PATHS = "";
				MACOSX_DEPLOYMENT_TARGET = 10.8;
				MTL_ENABLE_DEBUG_INFO = NO;
				SDKROOT = macosx;
				USER_HEADER_SEARCH_PATHS = "$(SRCROOT)/../libzq $(SRCROOT)/../libzq/libs $(SRCROOT)/../../cocos2dx/external $(SRCROOT)/../../cocos2dx/cocos $(SRCROOT)/../../cocos2dx/external/glfw3/include/mac $(SRCROOT)/../../cocos2dx/external/lua/tolua $(SRCROOT)/../../cocos2dx/external/lua/luajit/include $(SRCROOT)/../../cocos2dx/cocos/scripting/lua-bindings/manual $(SRCROOT)/../../cocos2dx";
			};
			name = Release;
		};
		A222FE8D1DC08CE8009F3A9A /* Debug */ = {
			isa = XCBuildConfiguration;
			buildSettings = {
				EXECUTABLE_PREFIX = lib;
				GCC_PREPROCESSOR_DEFINITIONS = "$(inherited)";
				PRODUCT_MODULE_NAME = zqIOS;
				PRODUCT_NAME = zqIOS;
				SDKROOT = iphoneos;
				USER_HEADER_SEARCH_PATHS = "$(SRCROOT)/../libzq $(SRCROOT)/../libzq/libs $(SRCROOT)/../../cocos2dx/external $(SRCROOT)/../../cocos2dx/cocos $(SRCROOT)/../../cocos2dx/external/glfw3/include/mac $(SRCROOT)/../../cocos2dx/external/lua/tolua $(SRCROOT)/../../cocos2dx/external/lua/luajit/include $(SRCROOT)/../../cocos2dx/cocos/scripting/lua-bindings/manual $(SRCROOT)/../../cocos2dx/external/curl/include/mac";
			};
			name = Debug;
		};
		A222FE8E1DC08CE8009F3A9A /* Release */ = {
			isa = XCBuildConfiguration;
			buildSettings = {
				EXECUTABLE_PREFIX = lib;
				GCC_PREPROCESSOR_DEFINITIONS = "$(inherited)";
				PRODUCT_MODULE_NAME = zqIOS;
				PRODUCT_NAME = zqIOS;
				SDKROOT = iphoneos;
				USER_HEADER_SEARCH_PATHS = "$(SRCROOT)/../libzq $(SRCROOT)/../libzq/libs $(SRCROOT)/../../cocos2dx/external $(SRCROOT)/../../cocos2dx/cocos $(SRCROOT)/../../cocos2dx/external/glfw3/include/mac $(SRCROOT)/../../cocos2dx/external/lua/tolua $(SRCROOT)/../../cocos2dx/external/lua/luajit/include $(SRCROOT)/../../cocos2dx/cocos/scripting/lua-bindings/manual $(SRCROOT)/../../cocos2dx/external/curl/include/mac";
			};
			name = Release;
		};
		A2989A811DE6DF790073E4F0 /* Debug */ = {
			isa = XCBuildConfiguration;
			buildSettings = {
				EXECUTABLE_PREFIX = "";
				GCC_PREPROCESSOR_DEFINITIONS = "$(inherited)";
				PRODUCT_NAME = "$(TARGET_NAME)";
				USER_HEADER_SEARCH_PATHS = "$(inherited) $(SRCROOT)/../libzq $(SRCROOT)/../libzq/libs $(SRCROOT)/../../cocos2dx/external $(SRCROOT)/../../cocos2dx/cocos $(SRCROOT)/../../cocos2dx/external/glfw3/include/mac $(SRCROOT)/../../cocos2dx/external/lua/tolua $(SRCROOT)/../../cocos2dx/external/lua/luajit/include $(SRCROOT)/../../cocos2dx/cocos/scripting/lua-bindings/manual $(SRCROOT)/../../cocos2dx/external/curl/include/mac";
			};
			name = Debug;
		};
		A2989A821DE6DF790073E4F0 /* Release */ = {
			isa = XCBuildConfiguration;
			buildSettings = {
				EXECUTABLE_PREFIX = "";
				GCC_PREPROCESSOR_DEFINITIONS = "$(inherited)";
				PRODUCT_NAME = "$(TARGET_NAME)";
				USER_HEADER_SEARCH_PATHS = "$(inherited) $(SRCROOT)/../libzq $(SRCROOT)/../libzq/libs $(SRCROOT)/../../cocos2dx/external $(SRCROOT)/../../cocos2dx/cocos $(SRCROOT)/../../cocos2dx/external/glfw3/include/mac $(SRCROOT)/../../cocos2dx/external/lua/tolua $(SRCROOT)/../../cocos2dx/external/lua/luajit/include $(SRCROOT)/../../cocos2dx/cocos/scripting/lua-bindings/manual $(SRCROOT)/../../cocos2dx/external/curl/include/mac";
			};
			name = Release;
		};
/* End XCBuildConfiguration section */

/* Begin XCConfigurationList section */
		A222FE831DC08CE8009F3A9A /* Build configuration list for PBXProject "libzq" */ = {
			isa = XCConfigurationList;
			buildConfigurations = (
				A222FE8A1DC08CE8009F3A9A /* Debug */,
				A222FE8B1DC08CE8009F3A9A /* Release */,
			);
			defaultConfigurationIsVisible = 0;
			defaultConfigurationName = Release;
		};
		A222FE8C1DC08CE8009F3A9A /* Build configuration list for PBXNativeTarget "libzqIOS" */ = {
			isa = XCConfigurationList;
			buildConfigurations = (
				A222FE8D1DC08CE8009F3A9A /* Debug */,
				A222FE8E1DC08CE8009F3A9A /* Release */,
			);
			defaultConfigurationIsVisible = 0;
			defaultConfigurationName = Release;
		};
		A2989A801DE6DF790073E4F0 /* Build configuration list for PBXNativeTarget "libzqMac" */ = {
			isa = XCConfigurationList;
			buildConfigurations = (
				A2989A811DE6DF790073E4F0 /* Debug */,
				A2989A821DE6DF790073E4F0 /* Release */,
			);
			defaultConfigurationIsVisible = 0;
			defaultConfigurationName = Release;
		};
/* End XCConfigurationList section */
	};
	rootObject = A222FE801DC08CE8009F3A9A /* Project object */;
}
